
Microsoft Visual Studio Solution File, Format Version 12.00
# Visual Studio Version 17
VisualStudioVersion = 17.0.31919.166
MinimumVisualStudioVersion = 10.0.40219.1
Project("{9A19103F-16F7-4668-BE54-9A1E7A4F7556}") = "BDapp_Core", "BDapp\BDapp_Core.csproj", "{C2CF988B-4A54-463E-BE08-4D9E56756EC2}"
EndProject
Project("{FAE04EC0-301F-11D3-BF4B-00C04F79EFBC}") = "BDApp_GUI", "BDApp_GUI\BDApp_GUI.csproj", "{6C577A81-7842-4612-AAF5-477398140CBF}"
EndProject
Global
	GlobalSection(SolutionConfigurationPlatforms) = preSolution
		Debug|Any CPU = Debug|Any CPU
		Release|Any CPU = Release|Any CPU
	EndGlobalSection
	GlobalSection(ProjectConfigurationPlatforms) = postSolution
		{C2CF988B-4A54-463E-BE08-4D9E56756EC2}.Debug|Any CPU.ActiveCfg = Debug|Any CPU
		{C2CF988B-4A54-463E-BE08-4D9E56756EC2}.Debug|Any CPU.Build.0 = Debug|Any CPU
		{C2CF988B-4A54-463E-BE08-4D9E56756EC2}.Release|Any CPU.ActiveCfg = Release|Any CPU
		{C2CF988B-4A54-463E-BE08-4D9E56756EC2}.Release|Any CPU.Build.0 = Release|Any CPU
		{6C577A81-7842-4612-AAF5-477398140CBF}.Debug|Any CPU.ActiveCfg = Debug|Any CPU
		{6C577A81-7842-4612-AAF5-477398140CBF}.Debug|Any CPU.Build.0 = Debug|Any CPU
		{6C577A81-7842-4612-AAF5-477398140CBF}.Release|Any CPU.ActiveCfg = Release|Any CPU
		{6C577A81-7842-4612-AAF5-477398140CBF}.Release|Any CPU.Build.0 = Release|Any CPU
	EndGlobalSection
	GlobalSection(SolutionProperties) = preSolution
		HideSolutionNode = FALSE
	EndGlobalSection
	GlobalSection(ExtensibilityGlobals) = postSolution
		SolutionGuid = {CA395550-439E-49FC-A727-898191DC5C1A}
	EndGlobalSection
EndGlobal
